
Microsoft Visual Studio Solution File, Format Version 12.00
# Visual Studio Version 17
VisualStudioVersion = 17.7.34202.233
MinimumVisualStudioVersion = 10.0.40219.1
Project("{888888A0-9F3D-457C-B088-3A5042F75D52}") = "PR5 Python Server", "PR5 Python Server\PR5 Python Server.pyproj", "{428DF137-C681-41B1-884E-72B2CC6C98A8}"
EndProject
Global
	GlobalSection(SolutionConfigurationPlatforms) = preSolution
		Debug|Any CPU = Debug|Any CPU
		Release|Any CPU = Release|Any CPU
	EndGlobalSection
	GlobalSection(ProjectConfigurationPlatforms) = postSolution
		{428DF137-C681-41B1-884E-72B2CC6C98A8}.Debug|Any CPU.ActiveCfg = Debug|Any CPU
		{428DF137-C681-41B1-884E-72B2CC6C98A8}.Release|Any CPU.ActiveCfg = Release|Any CPU
	EndGlobalSection
	GlobalSection(SolutionProperties) = preSolution
		HideSolutionNode = FALSE
	EndGlobalSection
	GlobalSection(ExtensibilityGlobals) = postSolution
		SolutionGuid = {214BA7C5-BC20-452E-ABD0-08426E7BDE9F}
	EndGlobalSection
EndGlobal
