
Microsoft Visual Studio Solution File, Format Version 12.00
# Visual Studio Version 17
VisualStudioVersion = 17.7.34202.233
MinimumVisualStudioVersion = 10.0.40219.1
Project("{888888A0-9F3D-457C-B088-3A5042F75D52}") = "PR5 Python Client", "PR5 Python Client\PR5 Python Client.pyproj", "{DE2462E8-7928-4235-A019-BBCD961E14D8}"
EndProject
Global
	GlobalSection(SolutionConfigurationPlatforms) = preSolution
		Debug|Any CPU = Debug|Any CPU
		Release|Any CPU = Release|Any CPU
	EndGlobalSection
	GlobalSection(ProjectConfigurationPlatforms) = postSolution
		{DE2462E8-7928-4235-A019-BBCD961E14D8}.Debug|Any CPU.ActiveCfg = Debug|Any CPU
		{DE2462E8-7928-4235-A019-BBCD961E14D8}.Release|Any CPU.ActiveCfg = Release|Any CPU
	EndGlobalSection
	GlobalSection(SolutionProperties) = preSolution
		HideSolutionNode = FALSE
	EndGlobalSection
	GlobalSection(ExtensibilityGlobals) = postSolution
		SolutionGuid = {FF7BE50E-CD2D-462B-9BB7-1C6DCB609DDB}
	EndGlobalSection
EndGlobal
